
Microsoft Visual Studio Solution File, Format Version 12.00
# Visual Studio Version 16
VisualStudioVersion = 16.0.30907.101
MinimumVisualStudioVersion = 10.0.40219.1
Project("{8BC9CEB8-8B4A-11D0-8D11-00A0C91BC942}") = "MarketManager", "MarketManager\MarketManager.vcxproj", "{B6306498-1E78-4AEC-8C0F-55A2D4BBFA4E}"
EndProject
Global
	GlobalSection(SolutionConfigurationPlatforms) = preSolution
		Debug|x64 = Debug|x64
		Debug|x86 = Debug|x86
		Release|x64 = Release|x64
		Release|x86 = Release|x86
	EndGlobalSection
	GlobalSection(ProjectConfigurationPlatforms) = postSolution
		{B6306498-1E78-4AEC-8C0F-55A2D4BBFA4E}.Debug|x64.ActiveCfg = Debug|x64
		{B6306498-1E78-4AEC-8C0F-55A2D4BBFA4E}.Debug|x64.Build.0 = Debug|x64
		{B6306498-1E78-4AEC-8C0F-55A2D4BBFA4E}.Debug|x86.ActiveCfg = Debug|Win32
		{B6306498-1E78-4AEC-8C0F-55A2D4BBFA4E}.Debug|x86.Build.0 = Debug|Win32
		{B6306498-1E78-4AEC-8C0F-55A2D4BBFA4E}.Release|x64.ActiveCfg = Release|x64
		{B6306498-1E78-4AEC-8C0F-55A2D4BBFA4E}.Release|x64.Build.0 = Release|x64
		{B6306498-1E78-4AEC-8C0F-55A2D4BBFA4E}.Release|x86.ActiveCfg = Release|Win32
		{B6306498-1E78-4AEC-8C0F-55A2D4BBFA4E}.Release|x86.Build.0 = Release|Win32
	EndGlobalSection
	GlobalSection(SolutionProperties) = preSolution
		HideSolutionNode = FALSE
	EndGlobalSection
	GlobalSection(ExtensibilityGlobals) = postSolution
		SolutionGuid = {12CFC42B-A857-44F8-9896-B0DCC63A30BB}
	EndGlobalSection
EndGlobal
